
Microsoft Visual Studio Solution File, Format Version 12.00
Project("{2150E333-8FDC-42A3-9474-1A3956D46DE8}") = "Backend", "Backend", "{4119A79C-C37D-4885-8BB6-E99276813B47}"
EndProject
Project("{2150E333-8FDC-42A3-9474-1A3956D46DE8}") = "IdentityService", "IdentityService", "{5A5AA8AD-E5F1-479E-92CF-C0FD40C01B3A}"
EndProject
Global
	GlobalSection(SolutionConfigurationPlatforms) = preSolution
		Debug|Any CPU = Debug|Any CPU
		Release|Any CPU = Release|Any CPU
	EndGlobalSection
	GlobalSection(ProjectConfigurationPlatforms) = postSolution
	EndGlobalSection
	GlobalSection(NestedProjects) = preSolution
		{5A5AA8AD-E5F1-479E-92CF-C0FD40C01B3A} = {4119A79C-C37D-4885-8BB6-E99276813B47}
	EndGlobalSection
EndGlobal
