
Microsoft Visual Studio Solution File, Format Version 12.00
Project("{2150E333-8FDC-42A3-9474-1A3956D46DE8}") = "Backend", "Backend", "{4119A79C-C37D-4885-8BB6-E99276813B47}"
EndProject
Project("{2150E333-8FDC-42A3-9474-1A3956D46DE8}") = "IdentityService", "IdentityService", "{5A5AA8AD-E5F1-479E-92CF-C0FD40C01B3A}"
EndProject
Project("{FAE04EC0-301F-11D3-BF4B-00C04F79EFBC}") = "PresentationLayer", "Backend\PresentationLayer\PresentationLayer.csproj", "{B7061D1B-BEA9-4F7B-AFC2-969E75D6D647}"
EndProject
Project("{FAE04EC0-301F-11D3-BF4B-00C04F79EFBC}") = "BusinessLogicLayer", "Backend\BusinessLogicLayer\BusinessLogicLayer.csproj", "{5B8ACCCC-F828-4265-A27F-6A1BBA905C43}"
EndProject
Project("{FAE04EC0-301F-11D3-BF4B-00C04F79EFBC}") = "DataAccessLayer", "Backend\DataAccessLayer\DataAccessLayer.csproj", "{A97D0C88-A2BB-4A5A-84A9-AFFE2D0B5FD5}"
EndProject
Global
	GlobalSection(SolutionConfigurationPlatforms) = preSolution
		Debug|Any CPU = Debug|Any CPU
		Release|Any CPU = Release|Any CPU
	EndGlobalSection
	GlobalSection(ProjectConfigurationPlatforms) = postSolution
		{B7061D1B-BEA9-4F7B-AFC2-969E75D6D647}.Debug|Any CPU.ActiveCfg = Debug|Any CPU
		{B7061D1B-BEA9-4F7B-AFC2-969E75D6D647}.Debug|Any CPU.Build.0 = Debug|Any CPU
		{B7061D1B-BEA9-4F7B-AFC2-969E75D6D647}.Release|Any CPU.ActiveCfg = Release|Any CPU
		{B7061D1B-BEA9-4F7B-AFC2-969E75D6D647}.Release|Any CPU.Build.0 = Release|Any CPU
		{5B8ACCCC-F828-4265-A27F-6A1BBA905C43}.Debug|Any CPU.ActiveCfg = Debug|Any CPU
		{5B8ACCCC-F828-4265-A27F-6A1BBA905C43}.Debug|Any CPU.Build.0 = Debug|Any CPU
		{5B8ACCCC-F828-4265-A27F-6A1BBA905C43}.Release|Any CPU.ActiveCfg = Release|Any CPU
		{5B8ACCCC-F828-4265-A27F-6A1BBA905C43}.Release|Any CPU.Build.0 = Release|Any CPU
		{A97D0C88-A2BB-4A5A-84A9-AFFE2D0B5FD5}.Debug|Any CPU.ActiveCfg = Debug|Any CPU
		{A97D0C88-A2BB-4A5A-84A9-AFFE2D0B5FD5}.Debug|Any CPU.Build.0 = Debug|Any CPU
		{A97D0C88-A2BB-4A5A-84A9-AFFE2D0B5FD5}.Release|Any CPU.ActiveCfg = Release|Any CPU
		{A97D0C88-A2BB-4A5A-84A9-AFFE2D0B5FD5}.Release|Any CPU.Build.0 = Release|Any CPU
	EndGlobalSection
	GlobalSection(NestedProjects) = preSolution
		{5A5AA8AD-E5F1-479E-92CF-C0FD40C01B3A} = {4119A79C-C37D-4885-8BB6-E99276813B47}
		{B7061D1B-BEA9-4F7B-AFC2-969E75D6D647} = {5A5AA8AD-E5F1-479E-92CF-C0FD40C01B3A}
		{5B8ACCCC-F828-4265-A27F-6A1BBA905C43} = {5A5AA8AD-E5F1-479E-92CF-C0FD40C01B3A}
		{A97D0C88-A2BB-4A5A-84A9-AFFE2D0B5FD5} = {5A5AA8AD-E5F1-479E-92CF-C0FD40C01B3A}
	EndGlobalSection
EndGlobal
