
Microsoft Visual Studio Solution File, Format Version 12.00
Project("{FAE04EC0-301F-11D3-BF4B-00C04F79EFBC}") = "ApiGateway", "ApiGateway\ApiGateway.csproj", "{FDE44B81-1603-46BB-A58B-EA9F15152135}"
EndProject
Global
	GlobalSection(SolutionConfigurationPlatforms) = preSolution
		Debug|Any CPU = Debug|Any CPU
		Release|Any CPU = Release|Any CPU
	EndGlobalSection
	GlobalSection(ProjectConfigurationPlatforms) = postSolution
		{FDE44B81-1603-46BB-A58B-EA9F15152135}.Debug|Any CPU.ActiveCfg = Debug|Any CPU
		{FDE44B81-1603-46BB-A58B-EA9F15152135}.Debug|Any CPU.Build.0 = Debug|Any CPU
		{FDE44B81-1603-46BB-A58B-EA9F15152135}.Release|Any CPU.ActiveCfg = Release|Any CPU
		{FDE44B81-1603-46BB-A58B-EA9F15152135}.Release|Any CPU.Build.0 = Release|Any CPU
	EndGlobalSection
EndGlobal
