
Microsoft Visual Studio Solution File, Format Version 12.00
Project("{FAE04EC0-301F-11D3-BF4B-00C04F79EFBC}") = "SharedResources", "SharedResources\SharedResources.csproj", "{BF69F22F-C18F-442B-9EBA-2D526CFCA89F}"
EndProject
Global
	GlobalSection(SolutionConfigurationPlatforms) = preSolution
		Debug|Any CPU = Debug|Any CPU
		Release|Any CPU = Release|Any CPU
	EndGlobalSection
	GlobalSection(ProjectConfigurationPlatforms) = postSolution
		{BF69F22F-C18F-442B-9EBA-2D526CFCA89F}.Debug|Any CPU.ActiveCfg = Debug|Any CPU
		{BF69F22F-C18F-442B-9EBA-2D526CFCA89F}.Debug|Any CPU.Build.0 = Debug|Any CPU
		{BF69F22F-C18F-442B-9EBA-2D526CFCA89F}.Release|Any CPU.ActiveCfg = Release|Any CPU
		{BF69F22F-C18F-442B-9EBA-2D526CFCA89F}.Release|Any CPU.Build.0 = Release|Any CPU
	EndGlobalSection
EndGlobal
